
Microsoft Visual Studio Solution File, Format Version 12.00
# Visual Studio Version 17
VisualStudioVersion = 17.4.33213.308
MinimumVisualStudioVersion = 10.0.40219.1
Project("{FAE04EC0-301F-11D3-BF4B-00C04F79EFBC}") = "ProyectoExamen", "ProyectoExamen\ProyectoExamen.csproj", "{7B0850F5-16E9-4DED-8AC1-3C80400F0991}"
EndProject
Global
	GlobalSection(SolutionConfigurationPlatforms) = preSolution
		Debug|Any CPU = Debug|Any CPU
		Release|Any CPU = Release|Any CPU
	EndGlobalSection
	GlobalSection(ProjectConfigurationPlatforms) = postSolution
		{7B0850F5-16E9-4DED-8AC1-3C80400F0991}.Debug|Any CPU.ActiveCfg = Debug|Any CPU
		{7B0850F5-16E9-4DED-8AC1-3C80400F0991}.Debug|Any CPU.Build.0 = Debug|Any CPU
		{7B0850F5-16E9-4DED-8AC1-3C80400F0991}.Release|Any CPU.ActiveCfg = Release|Any CPU
		{7B0850F5-16E9-4DED-8AC1-3C80400F0991}.Release|Any CPU.Build.0 = Release|Any CPU
	EndGlobalSection
	GlobalSection(SolutionProperties) = preSolution
		HideSolutionNode = FALSE
	EndGlobalSection
	GlobalSection(ExtensibilityGlobals) = postSolution
		SolutionGuid = {CD38AEDD-1DC4-49F5-8C44-E8F64C5E9DF6}
	EndGlobalSection
EndGlobal
